
Microsoft Visual Studio Solution File, Format Version 12.00
# Visual Studio Version 16
VisualStudioVersion = 16.0.30907.101
MinimumVisualStudioVersion = 10.0.40219.1
Project("{FAE04EC0-301F-11D3-BF4B-00C04F79EFBC}") = "Met_Lab1", "Met_Lab1\Met_Lab1.csproj", "{2381B91D-B421-4E08-9072-C154BC6438DA}"
EndProject
Global
	GlobalSection(SolutionConfigurationPlatforms) = preSolution
		Debug|Any CPU = Debug|Any CPU
		Release|Any CPU = Release|Any CPU
	EndGlobalSection
	GlobalSection(ProjectConfigurationPlatforms) = postSolution
		{2381B91D-B421-4E08-9072-C154BC6438DA}.Debug|Any CPU.ActiveCfg = Debug|Any CPU
		{2381B91D-B421-4E08-9072-C154BC6438DA}.Debug|Any CPU.Build.0 = Debug|Any CPU
		{2381B91D-B421-4E08-9072-C154BC6438DA}.Release|Any CPU.ActiveCfg = Release|Any CPU
		{2381B91D-B421-4E08-9072-C154BC6438DA}.Release|Any CPU.Build.0 = Release|Any CPU
	EndGlobalSection
	GlobalSection(SolutionProperties) = preSolution
		HideSolutionNode = FALSE
	EndGlobalSection
	GlobalSection(ExtensibilityGlobals) = postSolution
		SolutionGuid = {F8CBBD2D-47F7-4222-91DA-150BA654A765}
	EndGlobalSection
EndGlobal
